
Microsoft Visual Studio Solution File, Format Version 12.00
# Visual Studio Version 17
VisualStudioVersion = 17.5.002.0
MinimumVisualStudioVersion = 10.0.40219.1
Project("{9A19103F-16F7-4668-BE54-9A1E7A4F7556}") = "WebAPI_Funcionario", "WebAPI_Funcionario.csproj", "{13BC1DC2-3789-46F6-96D8-8B8C2B74E958}"
EndProject
Global
	GlobalSection(SolutionConfigurationPlatforms) = preSolution
		Debug|Any CPU = Debug|Any CPU
		Release|Any CPU = Release|Any CPU
	EndGlobalSection
	GlobalSection(ProjectConfigurationPlatforms) = postSolution
		{13BC1DC2-3789-46F6-96D8-8B8C2B74E958}.Debug|Any CPU.ActiveCfg = Debug|Any CPU
		{13BC1DC2-3789-46F6-96D8-8B8C2B74E958}.Debug|Any CPU.Build.0 = Debug|Any CPU
		{13BC1DC2-3789-46F6-96D8-8B8C2B74E958}.Release|Any CPU.ActiveCfg = Release|Any CPU
		{13BC1DC2-3789-46F6-96D8-8B8C2B74E958}.Release|Any CPU.Build.0 = Release|Any CPU
	EndGlobalSection
	GlobalSection(SolutionProperties) = preSolution
		HideSolutionNode = FALSE
	EndGlobalSection
	GlobalSection(ExtensibilityGlobals) = postSolution
		SolutionGuid = {CBAE3873-B30C-4077-8774-515F030C9EC8}
	EndGlobalSection
EndGlobal
